// !$*UTF8*$!
{
	archiveVersion = 1;
	classes = {
	};
	objectVersion = 50;
	objects = {

/* Begin PBXBuildFile section */
		CA04F8F321B26D02008910D7 /* AppDelegate.swift in Sources */ = {isa = PBXBuildFile; fileRef = CA04F8F221B26D02008910D7 /* AppDelegate.swift */; };
		CA04F8F521B26D02008910D7 /* WelcomeViewController.swift in Sources */ = {isa = PBXBuildFile; fileRef = CA04F8F421B26D02008910D7 /* WelcomeViewController.swift */; };
		CA04F8F821B26D02008910D7 /* Main.storyboard in Resources */ = {isa = PBXBuildFile; fileRef = CA04F8F621B26D02008910D7 /* Main.storyboard */; };
		CA04F8FA21B26D04008910D7 /* Assets.xcassets in Resources */ = {isa = PBXBuildFile; fileRef = CA04F8F921B26D04008910D7 /* Assets.xcassets */; };
		CA04F8FD21B26D04008910D7 /* LaunchScreen.storyboard in Resources */ = {isa = PBXBuildFile; fileRef = CA04F8FB21B26D04008910D7 /* LaunchScreen.storyboard */; };
		CA04F90621B28D50008910D7 /* BorderButton.swift in Sources */ = {isa = PBXBuildFile; fileRef = CA04F90521B28D50008910D7 /* BorderButton.swift */; };
		CA04F90B21B4EE90008910D7 /* LeagueViewController.swift in Sources */ = {isa = PBXBuildFile; fileRef = CA04F90A21B4EE90008910D7 /* LeagueViewController.swift */; };
		CA04F90D21B4EED4008910D7 /* SkillViewController.swift in Sources */ = {isa = PBXBuildFile; fileRef = CA04F90C21B4EED4008910D7 /* SkillViewController.swift */; };
/* End PBXBuildFile section */

/* Begin PBXFileReference section */
		CA04F8EF21B26D02008910D7 /* Swoosh.app */ = {isa = PBXFileReference; explicitFileType = wrapper.application; includeInIndex = 0; path = Swoosh.app; sourceTree = BUILT_PRODUCTS_DIR; };
		CA04F8F221B26D02008910D7 /* AppDelegate.swift */ = {isa = PBXFileReference; lastKnownFileType = sourcecode.swift; path = AppDelegate.swift; sourceTree = "<group>"; };
		CA04F8F421B26D02008910D7 /* WelcomeViewController.swift */ = {isa = PBXFileReference; lastKnownFileType = sourcecode.swift; path = WelcomeViewController.swift; sourceTree = "<group>"; };
		CA04F8F721B26D02008910D7 /* Base */ = {isa = PBXFileReference; lastKnownFileType = file.storyboard; name = Base; path = Base.lproj/Main.storyboard; sourceTree = "<group>"; };
		CA04F8F921B26D04008910D7 /* Assets.xcassets */ = {isa = PBXFileReference; lastKnownFileType = folder.assetcatalog; path = Assets.xcassets; sourceTree = "<group>"; };
		CA04F8FC21B26D04008910D7 /* Base */ = {isa = PBXFileReference; lastKnownFileType = file.storyboard; name = Base; path = Base.lproj/LaunchScreen.storyboard; sourceTree = "<group>"; };
		CA04F8FE21B26D04008910D7 /* Info.plist */ = {isa = PBXFileReference; lastKnownFileType = text.plist.xml; path = Info.plist; sourceTree = "<group>"; };
		CA04F90521B28D50008910D7 /* BorderButton.swift */ = {isa = PBXFileReference; lastKnownFileType = sourcecode.swift; path = BorderButton.swift; sourceTree = "<group>"; };
		CA04F90A21B4EE90008910D7 /* LeagueViewController.swift */ = {isa = PBXFileReference; lastKnownFileType = sourcecode.swift; path = LeagueViewController.swift; sourceTree = "<group>"; };
		CA04F90C21B4EED4008910D7 /* SkillViewController.swift */ = {isa = PBXFileReference; lastKnownFileType = sourcecode.swift; path = SkillViewController.swift; sourceTree = "<group>"; };
/* End PBXFileReference section */

/* Begin PBXFrameworksBuildPhase section */
		CA04F8EC21B26D02008910D7 /* Frameworks */ = {
			isa = PBXFrameworksBuildPhase;
			buildActionMask = 2147483647;
			files = (
			);
			runOnlyForDeploymentPostprocessing = 0;
		};
/* End PBXFrameworksBuildPhase section */

/* Begin PBXGroup section */
		CA04F8E621B26D02008910D7 = {
			isa = PBXGroup;
			children = (
				CA04F8F121B26D02008910D7 /* Swoosh */,
				CA04F8F021B26D02008910D7 /* Products */,
			);
			sourceTree = "<group>";
		};
		CA04F8F021B26D02008910D7 /* Products */ = {
			isa = PBXGroup;
			children = (
				CA04F8EF21B26D02008910D7 /* Swoosh.app */,
			);
			name = Products;
			sourceTree = "<group>";
		};
		CA04F8F121B26D02008910D7 /* Swoosh */ = {
			isa = PBXGroup;
			children = (
				CA04F8F221B26D02008910D7 /* AppDelegate.swift */,
				CA04F90921B4EDD0008910D7 /* Model */,
				CA04F90721B4ED91008910D7 /* View */,
				CA04F90821B4ED9D008910D7 /* Controller */,
				CA04F90421B28D1B008910D7 /* UI */,
				CA04F8F921B26D04008910D7 /* Assets.xcassets */,
				CA04F8FB21B26D04008910D7 /* LaunchScreen.storyboard */,
				CA04F8FE21B26D04008910D7 /* Info.plist */,
			);
			path = Swoosh;
			sourceTree = "<group>";
		};
		CA04F90421B28D1B008910D7 /* UI */ = {
			isa = PBXGroup;
			children = (
				CA04F90521B28D50008910D7 /* BorderButton.swift */,
			);
			path = UI;
			sourceTree = "<group>";
		};
		CA04F90721B4ED91008910D7 /* View */ = {
			isa = PBXGroup;
			children = (
				CA04F8F621B26D02008910D7 /* Main.storyboard */,
			);
			path = View;
			sourceTree = "<group>";
		};
		CA04F90821B4ED9D008910D7 /* Controller */ = {
			isa = PBXGroup;
			children = (
				CA04F8F421B26D02008910D7 /* WelcomeViewController.swift */,
				CA04F90A21B4EE90008910D7 /* LeagueViewController.swift */,
				CA04F90C21B4EED4008910D7 /* SkillViewController.swift */,
			);
			path = Controller;
			sourceTree = "<group>";
		};
		CA04F90921B4EDD0008910D7 /* Model */ = {
			isa = PBXGroup;
			children = (
			);
			path = Model;
			sourceTree = "<group>";
		};
/* End PBXGroup section */

/* Begin PBXNativeTarget section */
		CA04F8EE21B26D02008910D7 /* Swoosh */ = {
			isa = PBXNativeTarget;
			buildConfigurationList = CA04F90121B26D04008910D7 /* Build configuration list for PBXNativeTarget "Swoosh" */;
			buildPhases = (
				CA04F8EB21B26D02008910D7 /* Sources */,
				CA04F8EC21B26D02008910D7 /* Frameworks */,
				CA04F8ED21B26D02008910D7 /* Resources */,
			);
			buildRules = (
			);
			dependencies = (
			);
			name = Swoosh;
			productName = Swoosh;
			productReference = CA04F8EF21B26D02008910D7 /* Swoosh.app */;
			productType = "com.apple.product-type.application";
		};
/* End PBXNativeTarget section */

/* Begin PBXProject section */
		CA04F8E721B26D02008910D7 /* Project object */ = {
			isa = PBXProject;
			attributes = {
				LastSwiftUpdateCheck = 1010;
				LastUpgradeCheck = 1010;
				ORGANIZATIONNAME = "Khaled Aldousari";
				TargetAttributes = {
					CA04F8EE21B26D02008910D7 = {
						CreatedOnToolsVersion = 10.1;
					};
				};
			};
			buildConfigurationList = CA04F8EA21B26D02008910D7 /* Build configuration list for PBXProject "Swoosh" */;
			compatibilityVersion = "Xcode 9.3";
			developmentRegion = en;
			hasScannedForEncodings = 0;
			knownRegions = (
				en,
				Base,
			);
			mainGroup = CA04F8E621B26D02008910D7;
			productRefGroup = CA04F8F021B26D02008910D7 /* Products */;
			projectDirPath = "";
			projectRoot = "";
			targets = (
				CA04F8EE21B26D02008910D7 /* Swoosh */,
			);
		};
/* End PBXProject section */

/* Begin PBXResourcesBuildPhase section */
		CA04F8ED21B26D02008910D7 /* Resources */ = {
			isa = PBXResourcesBuildPhase;
			buildActionMask = 2147483647;
			files = (
				CA04F8FD21B26D04008910D7 /* LaunchScreen.storyboard in Resources */,
				CA04F8FA21B26D04008910D7 /* Assets.xcassets in Resources */,
				CA04F8F821B26D02008910D7 /* Main.storyboard in Resources */,
			);
			runOnlyForDeploymentPostprocessing = 0;
		};
/* End PBXResourcesBuildPhase section */

/* Begin PBXSourcesBuildPhase section */
		CA04F8EB21B26D02008910D7 /* Sources */ = {
			isa = PBXSourcesBuildPhase;
			buildActionMask = 2147483647;
			files = (
				CA04F8F521B26D02008910D7 /* WelcomeViewController.swift in Sources */,
				CA04F8F321B26D02008910D7 /* AppDelegate.swift in Sources */,
				CA04F90D21B4EED4008910D7 /* SkillViewController.swift in Sources */,
				CA04F90621B28D50008910D7 /* BorderButton.swift in Sources */,
				CA04F90B21B4EE90008910D7 /* LeagueViewController.swift in Sources */,
			);
			runOnlyForDeploymentPostprocessing = 0;
		};
/* End PBXSourcesBuildPhase section */

/* Begin PBXVariantGroup section */
		CA04F8F621B26D02008910D7 /* Main.storyboard */ = {
			isa = PBXVariantGroup;
			children = (
				CA04F8F721B26D02008910D7 /* Base */,
			);
			name = Main.storyboard;
			sourceTree = "<group>";
		};
		CA04F8FB21B26D04008910D7 /* LaunchScreen.storyboard */ = {
			isa = PBXVariantGroup;
			children = (
				CA04F8FC21B26D04008910D7 /* Base */,
			);
			name = LaunchScreen.storyboard;
			sourceTree = "<group>";
		};
/* End PBXVariantGroup section */

/* Begin XCBuildConfiguration section */
		CA04F8FF21B26D04008910D7 /* Debug */ = {
			isa = XCBuildConfiguration;
			buildSettings = {
				ALWAYS_SEARCH_USER_PATHS = NO;
				CLANG_ANALYZER_NONNULL = YES;
				CLANG_ANALYZER_NUMBER_OBJECT_CONVERSION = YES_AGGRESSIVE;
				CLANG_CXX_LANGUAGE_STANDARD = "gnu++14";
				CLANG_CXX_LIBRARY = "libc++";
				CLANG_ENABLE_MODULES = YES;
				CLANG_ENABLE_OBJC_ARC = YES;
				CLANG_ENABLE_OBJC_WEAK = YES;
				CLANG_WARN_BLOCK_CAPTURE_AUTORELEASING = YES;
				CLANG_WARN_BOOL_CONVERSION = YES;
				CLANG_WARN_COMMA = YES;
				CLANG_WARN_CONSTANT_CONVERSION = YES;
				CLANG_WARN_DEPRECATED_OBJC_IMPLEMENTATIONS = YES;
				CLANG_WARN_DIRECT_OBJC_ISA_USAGE = YES_ERROR;
				CLANG_WARN_DOCUMENTATION_COMMENTS = YES;
				CLANG_WARN_EMPTY_BODY = YES;
				CLANG_WARN_ENUM_CONVERSION = YES;
				CLANG_WARN_INFINITE_RECURSION = YES;
				CLANG_WARN_INT_CONVERSION = YES;
				CLANG_WARN_NON_LITERAL_NULL_CONVERSION = YES;
				CLANG_WARN_OBJC_IMPLICIT_RETAIN_SELF = YES;
				CLANG_WARN_OBJC_LITERAL_CONVERSION = YES;
				CLANG_WARN_OBJC_ROOT_CLASS = YES_ERROR;
				CLANG_WARN_RANGE_LOOP_ANALYSIS = YES;
				CLANG_WARN_STRICT_PROTOTYPES = YES;
				CLANG_WARN_SUSPICIOUS_MOVE = YES;
				CLANG_WARN_UNGUARDED_AVAILABILITY = YES_AGGRESSIVE;
				CLANG_WARN_UNREACHABLE_CODE = YES;
				CLANG_WARN__DUPLICATE_METHOD_MATCH = YES;
				CODE_SIGN_IDENTITY = "iPhone Developer";
				COPY_PHASE_STRIP = NO;
				DEBUG_INFORMATION_FORMAT = dwarf;
				ENABLE_STRICT_OBJC_MSGSEND = YES;
				ENABLE_TESTABILITY = YES;
				GCC_C_LANGUAGE_STANDARD = gnu11;
				GCC_DYNAMIC_NO_PIC = NO;
				GCC_NO_COMMON_BLOCKS = YES;
				GCC_OPTIMIZATION_LEVEL = 0;
				GCC_PREPROCESSOR_DEFINITIONS = (
					"DEBUG=1",
					"$(inherited)",
				);
				GCC_WARN_64_TO_32_BIT_CONVERSION = YES;
				GCC_WARN_ABOUT_RETURN_TYPE = YES_ERROR;
				GCC_WARN_UNDECLARED_SELECTOR = YES;
				GCC_WARN_UNINITIALIZED_AUTOS = YES_AGGRESSIVE;
				GCC_WARN_UNUSED_FUNCTION = YES;
				GCC_WARN_UNUSED_VARIABLE = YES;
				IPHONEOS_DEPLOYMENT_TARGET = 12.1;
				MTL_ENABLE_DEBUG_INFO = INCLUDE_SOURCE;
				MTL_FAST_MATH = YES;
				ONLY_ACTIVE_ARCH = YES;
				SDKROOT = iphoneos;
				SWIFT_ACTIVE_COMPILATION_CONDITIONS = DEBUG;
				SWIFT_OPTIMIZATION_LEVEL = "-Onone";
			};
			name = Debug;
		};
		CA04F90021B26D04008910D7 /* Release */ = {
			isa = XCBuildConfiguration;
			buildSettings = {
				ALWAYS_SEARCH_USER_PATHS = NO;
				CLANG_ANALYZER_NONNULL = YES;
				CLANG_ANALYZER_NUMBER_OBJECT_CONVERSION = YES_AGGRESSIVE;
				CLANG_CXX_LANGUAGE_STANDARD = "gnu++14";
				CLANG_CXX_LIBRARY = "libc++";
				CLANG_ENABLE_MODULES = YES;
				CLANG_ENABLE_OBJC_ARC = YES;
				CLANG_ENABLE_OBJC_WEAK = YES;
				CLANG_WARN_BLOCK_CAPTURE_AUTORELEASING = YES;
				CLANG_WARN_BOOL_CONVERSION = YES;
				CLANG_WARN_COMMA = YES;
				CLANG_WARN_CONSTANT_CONVERSION = YES;
				CLANG_WARN_DEPRECATED_OBJC_IMPLEMENTATIONS = YES;
				CLANG_WARN_DIRECT_OBJC_ISA_USAGE = YES_ERROR;
				CLANG_WARN_DOCUMENTATION_COMMENTS = YES;
				CLANG_WARN_EMPTY_BODY = YES;
				CLANG_WARN_ENUM_CONVERSION = YES;
				CLANG_WARN_INFINITE_RECURSION = YES;
				CLANG_WARN_INT_CONVERSION = YES;
				CLANG_WARN_NON_LITERAL_NULL_CONVERSION = YES;
				CLANG_WARN_OBJC_IMPLICIT_RETAIN_SELF = YES;
				CLANG_WARN_OBJC_LITERAL_CONVERSION = YES;
				CLANG_WARN_OBJC_ROOT_CLASS = YES_ERROR;
				CLANG_WARN_RANGE_LOOP_ANALYSIS = YES;
				CLANG_WARN_STRICT_PROTOTYPES = YES;
				CLANG_WARN_SUSPICIOUS_MOVE = YES;
				CLANG_WARN_UNGUARDED_AVAILABILITY = YES_AGGRESSIVE;
				CLANG_WARN_UNREACHABLE_CODE = YES;
				CLANG_WARN__DUPLICATE_METHOD_MATCH = YES;
				CODE_SIGN_IDENTITY = "iPhone Developer";
				COPY_PHASE_STRIP = NO;
				DEBUG_INFORMATION_FORMAT = "dwarf-with-dsym";
				ENABLE_NS_ASSERTIONS = NO;
				ENABLE_STRICT_OBJC_MSGSEND = YES;
				GCC_C_LANGUAGE_STANDARD = gnu11;
				GCC_NO_COMMON_BLOCKS = YES;
				GCC_WARN_64_TO_32_BIT_CONVERSION = YES;
				GCC_WARN_ABOUT_RETURN_TYPE = YES_ERROR;
				GCC_WARN_UNDECLARED_SELECTOR = YES;
				GCC_WARN_UNINITIALIZED_AUTOS = YES_AGGRESSIVE;
				GCC_WARN_UNUSED_FUNCTION = YES;
				GCC_WARN_UNUSED_VARIABLE = YES;
				IPHONEOS_DEPLOYMENT_TARGET = 12.1;
				MTL_ENABLE_DEBUG_INFO = NO;
				MTL_FAST_MATH = YES;
				SDKROOT = iphoneos;
				SWIFT_COMPILATION_MODE = wholemodule;
				SWIFT_OPTIMIZATION_LEVEL = "-O";
				VALIDATE_PRODUCT = YES;
			};
			name = Release;
		};
		CA04F90221B26D04008910D7 /* Debug */ = {
			isa = XCBuildConfiguration;
			buildSettings = {
				ASSETCATALOG_COMPILER_APPICON_NAME = AppIcon;
				CODE_SIGN_STYLE = Automatic;
				DEVELOPMENT_TEAM = K3CG3DM4LD;
				INFOPLIST_FILE = Swoosh/Info.plist;
				LD_RUNPATH_SEARCH_PATHS = (
					"$(inherited)",
					"@executable_path/Frameworks",
				);
				PRODUCT_BUNDLE_IDENTIFIER = com.aldousari.Swoosh;
				PRODUCT_NAME = "$(TARGET_NAME)";
				SWIFT_VERSION = 4.2;
				TARGETED_DEVICE_FAMILY = "1,2";
			};
			name = Debug;
		};
		CA04F90321B26D04008910D7 /* Release */ = {
			isa = XCBuildConfiguration;
			buildSettings = {
				ASSETCATALOG_COMPILER_APPICON_NAME = AppIcon;
				CODE_SIGN_STYLE = Automatic;
				DEVELOPMENT_TEAM = K3CG3DM4LD;
				INFOPLIST_FILE = Swoosh/Info.plist;
				LD_RUNPATH_SEARCH_PATHS = (
					"$(inherited)",
					"@executable_path/Frameworks",
				);
				PRODUCT_BUNDLE_IDENTIFIER = com.aldousari.Swoosh;
				PRODUCT_NAME = "$(TARGET_NAME)";
				SWIFT_VERSION = 4.2;
				TARGETED_DEVICE_FAMILY = "1,2";
			};
			name = Release;
		};
/* End XCBuildConfiguration section */

/* Begin XCConfigurationList section */
		CA04F8EA21B26D02008910D7 /* Build configuration list for PBXProject "Swoosh" */ = {
			isa = XCConfigurationList;
			buildConfigurations = (
				CA04F8FF21B26D04008910D7 /* Debug */,
				CA04F90021B26D04008910D7 /* Release */,
			);
			defaultConfigurationIsVisible = 0;
			defaultConfigurationName = Release;
		};
		CA04F90121B26D04008910D7 /* Build configuration list for PBXNativeTarget "Swoosh" */ = {
			isa = XCConfigurationList;
			buildConfigurations = (
				CA04F90221B26D04008910D7 /* Debug */,
				CA04F90321B26D04008910D7 /* Release */,
			);
			defaultConfigurationIsVisible = 0;
			defaultConfigurationName = Release;
		};
/* End XCConfigurationList section */
	};
	rootObject = CA04F8E721B26D02008910D7 /* Project object */;
}
